# The analysis bundle the enclave runs (analysis/protocol.md).
#
# tee_models.py fetches `object` from the models bucket at boot, refuses it
# unless its SHA-256 is `sha256`, and unpacks it for the analysis process.
# This file is copied into the image, so the attested image digest fixes
# which bundle may run. The bundle's source is not published; its bytes are
# pinned here and its inputs and outputs are the protocol document's.
version=2026.09.17-1
object=analysis/analysis-2026.09.17-1.tar.zst
sha256=fbef0b641ce8a5df91760f9531e5f7801ff104fdc7b425ef4c4caea74577dfe6
