# The analysis bundle the enclave runs (analysis/protocol.md).
#
# tee_models.py fetches `object` from the models bucket at boot, refuses it
# unless its SHA-256 is `sha256`, and unpacks it for the analysis process.
# This file is copied into the image, so the attested image digest fixes
# which bundle may run. The bundle's source is not published; its bytes are
# pinned here and its inputs and outputs are the protocol document's.
version=2026.09.10-2
object=analysis/analysis-2026.09.10-2.tar.zst
sha256=6a548f68e75519779a1e71980f317b00207ef1b6333de24767b568163d2010cc
