# The analysis bundle the enclave runs (analysis/protocol.md).
#
# tee_models.py fetches `object` from the models bucket at boot, refuses it
# unless its SHA-256 is `sha256`, and unpacks it for the analysis process.
# This file is copied into the image, so the attested image digest fixes
# which bundle may run. The bundle's source is not published; its bytes are
# pinned here and its inputs and outputs are the protocol document's.
version=2026.09.25-6
object=analysis/analysis-2026.09.25-6.tar.zst
sha256=3a805dfe0131d806ae5325444c2a9302701b8b7de1e9b7516998d92fe9cfecf3
